
Microsoft Visual Studio Solution File, Format Version 12.00
# Visual Studio Version 16
VisualStudioVersion = 16.0.29025.244
MinimumVisualStudioVersion = 10.0.40219.1
Project("{FAE04EC0-301F-11D3-BF4B-00C04F79EFBC}") = "CarVendor.mvc", "CarVendor.mvc\CarVendor.mvc.csproj", "{838C8717-A796-44C4-80A1-992323246B9C}"
EndProject
Project("{FAE04EC0-301F-11D3-BF4B-00C04F79EFBC}") = "CarVendor.mvc.Tests", "CarVendor.mvc.Tests\CarVendor.mvc.Tests.csproj", "{EC6CE6BD-D3BC-4095-A4A4-3BB91AA5CBB1}"
EndProject
Project("{FAE04EC0-301F-11D3-BF4B-00C04F79EFBC}") = "CarVendor.data", "CarVendor.data\CarVendor.data.csproj", "{01E76FA5-ED48-450D-A07E-108A981F489F}"
EndProject
Global
	GlobalSection(SolutionConfigurationPlatforms) = preSolution
		Debug|Any CPU = Debug|Any CPU
		Release|Any CPU = Release|Any CPU
	EndGlobalSection
	GlobalSection(ProjectConfigurationPlatforms) = postSolution
		{838C8717-A796-44C4-80A1-992323246B9C}.Debug|Any CPU.ActiveCfg = Debug|Any CPU
		{838C8717-A796-44C4-80A1-992323246B9C}.Debug|Any CPU.Build.0 = Debug|Any CPU
		{838C8717-A796-44C4-80A1-992323246B9C}.Release|Any CPU.ActiveCfg = Release|Any CPU
		{838C8717-A796-44C4-80A1-992323246B9C}.Release|Any CPU.Build.0 = Release|Any CPU
		{EC6CE6BD-D3BC-4095-A4A4-3BB91AA5CBB1}.Debug|Any CPU.ActiveCfg = Debug|Any CPU
		{EC6CE6BD-D3BC-4095-A4A4-3BB91AA5CBB1}.Debug|Any CPU.Build.0 = Debug|Any CPU
		{EC6CE6BD-D3BC-4095-A4A4-3BB91AA5CBB1}.Release|Any CPU.ActiveCfg = Release|Any CPU
		{EC6CE6BD-D3BC-4095-A4A4-3BB91AA5CBB1}.Release|Any CPU.Build.0 = Release|Any CPU
		{01E76FA5-ED48-450D-A07E-108A981F489F}.Debug|Any CPU.ActiveCfg = Debug|Any CPU
		{01E76FA5-ED48-450D-A07E-108A981F489F}.Debug|Any CPU.Build.0 = Debug|Any CPU
		{01E76FA5-ED48-450D-A07E-108A981F489F}.Release|Any CPU.ActiveCfg = Release|Any CPU
		{01E76FA5-ED48-450D-A07E-108A981F489F}.Release|Any CPU.Build.0 = Release|Any CPU
	EndGlobalSection
	GlobalSection(SolutionProperties) = preSolution
		HideSolutionNode = FALSE
	EndGlobalSection
	GlobalSection(ExtensibilityGlobals) = postSolution
		SolutionGuid = {B8E9A7EB-E410-4F97-823F-41BCB4A1472E}
	EndGlobalSection
EndGlobal
